{
  "nodes": {
    "apple-silicon-support": {
      "inputs": {
        "flake-compat": "flake-compat",
        "nixpkgs": [
          "nixpkgs"
        ]
      },
      "locked": {
        "lastModified": 1789791621,
        "narHash": "sha256-QIPbA+dtbY6OFeREyisXu/QsrNhT1jNr4DT7rHWKImE=",
        "owner": "nix-community",
        "repo": "nixos-apple-silicon",
        "rev": "57a14ae9be0eaf7bf66e95490ed2d7c6f4bd4c9e",
        "type": "github"
      },
      "original": {
        "owner": "nix-community",
        "repo": "nixos-apple-silicon",
        "type": "github"
      }
    },
    "flake-compat": {
      "locked": {
        "lastModified": 1761640442,
        "narHash": "sha256-AtrEP6Jmdvrqiv4x2xa5mrtaIp3OEe8uBYCDZDS+hu8=",
        "owner": "nix-community",
        "repo": "flake-compat",
        "rev": "4a56054d8ffc173222d09dad23adf4ba946c8884",
        "type": "github"
      },
      "original": {
        "owner": "nix-community",
        "repo": "flake-compat",
        "type": "github"
      }
    },
    "home-manager": {
      "inputs": {
        "nixpkgs": [
          "nixpkgs"
        ]
      },
      "locked": {
        "lastModified": 1790215976,
        "narHash": "sha256-VkR1rMGyjU9jtw8ISFx5uqR9e+LEaOlhHwrseFkiIVk=",
        "owner": "nix-community",
        "repo": "home-manager",
        "rev": "a6631107a83ceab5872f298a2ea710859c80c4cb",
        "type": "github"
      },
      "original": {
        "owner": "nix-community",
        "ref": "release-26.05",
        "repo": "home-manager",
        "type": "github"
      }
    },
    "iosevka-custom": {
      "inputs": {
        "nixpkgs": [
          "nixpkgs"
        ]
      },
      "locked": {
        "lastModified": 1766334525,
        "narHash": "sha256-Jc7YZxF5sGSfTYVv8qR4XrNv1qsxI8OnuwOoPgn/Wm8=",
        "owner": "b-rodrigues",
        "repo": "iosevka_custom",
        "rev": "6bafc0bff3c2bb258e059acf7ec5d8d6e5f3f7be",
        "type": "github"
      },
      "original": {
        "owner": "b-rodrigues",
        "repo": "iosevka_custom",
        "type": "github"
      }
    },
    "nixpkgs": {
      "locked": {
        "lastModified": 1790218706,
        "narHash": "sha256-6e4Na3z008XpdVyOXgfasXIn1aN+z8AXFG+jXdQSyuI=",
        "owner": "NixOS",
        "repo": "nixpkgs",
        "rev": "c508844df6c28fa6dabc1b6af70f3ccbd65c5201",
        "type": "github"
      },
      "original": {
        "owner": "NixOS",
        "ref": "nixos-26.05",
        "repo": "nixpkgs",
        "type": "github"
      }
    },
    "nixpkgs-cline": {
      "locked": {
        "lastModified": 1788634783,
        "narHash": "sha256-g7l9s5N/L2HpgkTDpCyr16MS4gKjzRdZk99/RLqQR18=",
        "owner": "b-rodrigues",
        "repo": "nixpkgs",
        "rev": "9cc0437a9f0a24bf0302b18b97a4e847428413e8",
        "type": "github"
      },
      "original": {
        "owner": "b-rodrigues",
        "ref": "add-cline",
        "repo": "nixpkgs",
        "type": "github"
      }
    },
    "nixpkgs-master": {
      "locked": {
        "lastModified": 1790352577,
        "narHash": "sha256-NAsHOmeNFWEXDp37YWYf8LO7V/D/m7cKPIlV3xgwyus=",
        "owner": "NixOS",
        "repo": "nixpkgs",
        "rev": "fb0fb9d2d42f30d589bc838d78ca5837e0d8ab74",
        "type": "github"
      },
      "original": {
        "owner": "NixOS",
        "ref": "master",
        "repo": "nixpkgs",
        "type": "github"
      }
    },
    "nixpkgs-opencodev2": {
      "locked": {
        "lastModified": 1790504568,
        "narHash": "sha256-qHj1mOcDqmJynZbzfVlsw+wWzRaiveuo697G/MyEJ6g=",
        "owner": "b-rodrigues",
        "repo": "nixpkgs",
        "rev": "f9e55106ab7150cae3e1127a1978cffe1cdb6acf",
        "type": "github"
      },
      "original": {
        "owner": "b-rodrigues",
        "ref": "opencodev2",
        "repo": "nixpkgs",
        "type": "github"
      }
    },
    "nixpkgs-unstable": {
      "locked": {
        "lastModified": 1790185690,
        "narHash": "sha256-xJ+X4hBtOcAFGBOe5nAMyMUeF9foJBmIOu3NjBqBycU=",
        "owner": "NixOS",
        "repo": "nixpkgs",
        "rev": "4975466d324710c576dc11ad614684e6bd8cad8e",
        "type": "github"
      },
      "original": {
        "owner": "NixOS",
        "ref": "nixos-unstable",
        "repo": "nixpkgs",
        "type": "github"
      }
    },
    "root": {
      "inputs": {
        "apple-silicon-support": "apple-silicon-support",
        "home-manager": "home-manager",
        "iosevka-custom": "iosevka-custom",
        "nixpkgs": "nixpkgs",
        "nixpkgs-cline": "nixpkgs-cline",
        "nixpkgs-master": "nixpkgs-master",
        "nixpkgs-opencodev2": "nixpkgs-opencodev2",
        "nixpkgs-unstable": "nixpkgs-unstable"
      }
    }
  },
  "root": "root",
  "version": 7
}
